
Microsoft Visual Studio Solution File, Format Version 12.00
# Visual Studio Version 17
VisualStudioVersion = 17.4.33213.308
MinimumVisualStudioVersion = 10.0.40219.1
Project("{FAE04EC0-301F-11D3-BF4B-00C04F79EFBC}") = "WindowsFormsApp2", "WindowsFormsApp2.csproj", "{F8FE84F1-083D-4125-BACE-CD301C8CA07A}"
EndProject
Global
	GlobalSection(SolutionConfigurationPlatforms) = preSolution
		Debug|Any CPU = Debug|Any CPU
		Release|Any CPU = Release|Any CPU
	EndGlobalSection
	GlobalSection(ProjectConfigurationPlatforms) = postSolution
		{F8FE84F1-083D-4125-BACE-CD301C8CA07A}.Debug|Any CPU.ActiveCfg = Debug|Any CPU
		{F8FE84F1-083D-4125-BACE-CD301C8CA07A}.Debug|Any CPU.Build.0 = Debug|Any CPU
		{F8FE84F1-083D-4125-BACE-CD301C8CA07A}.Release|Any CPU.ActiveCfg = Release|Any CPU
		{F8FE84F1-083D-4125-BACE-CD301C8CA07A}.Release|Any CPU.Build.0 = Release|Any CPU
	EndGlobalSection
	GlobalSection(SolutionProperties) = preSolution
		HideSolutionNode = FALSE
	EndGlobalSection
	GlobalSection(ExtensibilityGlobals) = postSolution
		SolutionGuid = {E73356CE-A2A7-4DF2-9E2F-A94716F9E35D}
	EndGlobalSection
EndGlobal
